// !$*UTF8*$!
{
	archiveVersion = 1;
	classes = {
	};
	objectVersion = 51;
	objects = {

/* Begin PBXBuildFile section */
		275342CF253B533000FF51D2 /* AppDelegate.swift in Sources */ = {isa = PBXBuildFile; fileRef = 275342CE253B533000FF51D2 /* AppDelegate.swift */; };
		275342D1253B533000FF51D2 /* SceneDelegate.swift in Sources */ = {isa = PBXBuildFile; fileRef = 275342D0253B533000FF51D2 /* SceneDelegate.swift */; };
		275342D3253B533000FF51D2 /* ViewController.swift in Sources */ = {isa = PBXBuildFile; fileRef = 275342D2253B533000FF51D2 /* ViewController.swift */; };
		275342D6253B533000FF51D2 /* Main.storyboard in Resources */ = {isa = PBXBuildFile; fileRef = 275342D4253B533000FF51D2 /* Main.storyboard */; };
		275342D8253B533100FF51D2 /* Assets.xcassets in Resources */ = {isa = PBXBuildFile; fileRef = 275342D7253B533100FF51D2 /* Assets.xcassets */; };
		275342DB253B533100FF51D2 /* LaunchScreen.storyboard in Resources */ = {isa = PBXBuildFile; fileRef = 275342D9253B533100FF51D2 /* LaunchScreen.storyboard */; };
		275342E6253B533200FF51D2 /* PosetivityTests.swift in Sources */ = {isa = PBXBuildFile; fileRef = 275342E5253B533200FF51D2 /* PosetivityTests.swift */; };
		275342F1253B533200FF51D2 /* PosetivityUITests.swift in Sources */ = {isa = PBXBuildFile; fileRef = 275342F0253B533200FF51D2 /* PosetivityUITests.swift */; };
		2776D271253B607B00FD9D47 /* DetectPoseViewController.swift in Sources */ = {isa = PBXBuildFile; fileRef = 2776D270253B607B00FD9D47 /* DetectPoseViewController.swift */; };
		2776D2D1253BA71600FD9D47 /* FinalizePoseViewController.swift in Sources */ = {isa = PBXBuildFile; fileRef = 2776D2D0253BA71600FD9D47 /* FinalizePoseViewController.swift */; };
		2776D2D9253BA7CA00FD9D47 /* AvailablePosesTableViewController.swift in Sources */ = {isa = PBXBuildFile; fileRef = 2776D2D8253BA7CA00FD9D47 /* AvailablePosesTableViewController.swift */; };
		2776D2DE253BA7E000FD9D47 /* AvailablePosesCell.swift in Sources */ = {isa = PBXBuildFile; fileRef = 2776D2DD253BA7E000FD9D47 /* AvailablePosesCell.swift */; };
		2776D2ED253BA86D00FD9D47 /* SupportTableViewController.swift in Sources */ = {isa = PBXBuildFile; fileRef = 2776D2EC253BA86D00FD9D47 /* SupportTableViewController.swift */; };
		2776D2F2253BA88700FD9D47 /* SupportPostCell.swift in Sources */ = {isa = PBXBuildFile; fileRef = 2776D2F1253BA88700FD9D47 /* SupportPostCell.swift */; };
		2776D304253BC40000FD9D47 /* GoogleService-Info.plist in Resources */ = {isa = PBXBuildFile; fileRef = 2776D303253BC40000FD9D47 /* GoogleService-Info.plist */; };
		2776D305253BC40000FD9D47 /* GoogleService-Info.plist in Resources */ = {isa = PBXBuildFile; fileRef = 2776D303253BC40000FD9D47 /* GoogleService-Info.plist */; };
		2776D306253BC40000FD9D47 /* GoogleService-Info.plist in Resources */ = {isa = PBXBuildFile; fileRef = 2776D303253BC40000FD9D47 /* GoogleService-Info.plist */; };
		27FC9DBB253BDE64007D3D4C /* downloadedmodel in Resources */ = {isa = PBXBuildFile; fileRef = 27FC9DBA253BDE64007D3D4C /* downloadedmodel */; };
		27FC9E0F253C5C5C007D3D4C /* MyPosesViewController.swift in Sources */ = {isa = PBXBuildFile; fileRef = 27FC9E0E253C5C5C007D3D4C /* MyPosesViewController.swift */; };
		27FC9E17253C5F12007D3D4C /* MyPoseCollectionViewCell.swift in Sources */ = {isa = PBXBuildFile; fileRef = 27FC9E16253C5F12007D3D4C /* MyPoseCollectionViewCell.swift */; };
		7B83A5A01AFA87FB242CC2EB /* Pods_PosetivityTests.framework in Frameworks */ = {isa = PBXBuildFile; fileRef = 687638AA84835DD9760ABA4F /* Pods_PosetivityTests.framework */; };
		B498069D18BEE6413510EEA8 /* Pods_Posetivity.framework in Frameworks */ = {isa = PBXBuildFile; fileRef = 681F8EE1D3ACF2A8115478FC /* Pods_Posetivity.framework */; };
		E561468BDADDC020E87F1349 /* Pods_Posetivity_PosetivityUITests.framework in Frameworks */ = {isa = PBXBuildFile; fileRef = BFB86E2BE300545A0A7B0CCF /* Pods_Posetivity_PosetivityUITests.framework */; };
/* End PBXBuildFile section */

/* Begin PBXContainerItemProxy section */
		275342E2253B533200FF51D2 /* PBXContainerItemProxy */ = {
			isa = PBXContainerItemProxy;
			containerPortal = 275342C3253B533000FF51D2 /* Project object */;
			proxyType = 1;
			remoteGlobalIDString = 275342CA253B533000FF51D2;
			remoteInfo = Posetivity;
		};
		275342ED253B533200FF51D2 /* PBXContainerItemProxy */ = {
			isa = PBXContainerItemProxy;
			containerPortal = 275342C3253B533000FF51D2 /* Project object */;
			proxyType = 1;
			remoteGlobalIDString = 275342CA253B533000FF51D2;
			remoteInfo = Posetivity;
		};
/* End PBXContainerItemProxy section */

/* Begin PBXFileReference section */
		275342CB253B533000FF51D2 /* Posetivity.app */ = {isa = PBXFileReference; explicitFileType = wrapper.application; includeInIndex = 0; path = Posetivity.app; sourceTree = BUILT_PRODUCTS_DIR; };
		275342CE253B533000FF51D2 /* AppDelegate.swift */ = {isa = PBXFileReference; lastKnownFileType = sourcecode.swift; path = AppDelegate.swift; sourceTree = "<group>"; };
		275342D0253B533000FF51D2 /* SceneDelegate.swift */ = {isa = PBXFileReference; lastKnownFileType = sourcecode.swift; path = SceneDelegate.swift; sourceTree = "<group>"; };
		275342D2253B533000FF51D2 /* ViewController.swift */ = {isa = PBXFileReference; lastKnownFileType = sourcecode.swift; path = ViewController.swift; sourceTree = "<group>"; };
		275342D5253B533000FF51D2 /* Base */ = {isa = PBXFileReference; lastKnownFileType = file.storyboard; name = Base; path = Base.lproj/Main.storyboard; sourceTree = "<group>"; };
		275342D7253B533100FF51D2 /* Assets.xcassets */ = {isa = PBXFileReference; lastKnownFileType = folder.assetcatalog; path = Assets.xcassets; sourceTree = "<group>"; };
		275342DA253B533100FF51D2 /* Base */ = {isa = PBXFileReference; lastKnownFileType = file.storyboard; name = Base; path = Base.lproj/LaunchScreen.storyboard; sourceTree = "<group>"; };
		275342DC253B533100FF51D2 /* Info.plist */ = {isa = PBXFileReference; lastKnownFileType = text.plist.xml; path = Info.plist; sourceTree = "<group>"; };
		275342E1253B533200FF51D2 /* PosetivityTests.xctest */ = {isa = PBXFileReference; explicitFileType = wrapper.cfbundle; includeInIndex = 0; path = PosetivityTests.xctest; sourceTree = BUILT_PRODUCTS_DIR; };
		275342E5253B533200FF51D2 /* PosetivityTests.swift */ = {isa = PBXFileReference; lastKnownFileType = sourcecode.swift; path = PosetivityTests.swift; sourceTree = "<group>"; };
		275342E7253B533200FF51D2 /* Info.plist */ = {isa = PBXFileReference; lastKnownFileType = text.plist.xml; path = Info.plist; sourceTree = "<group>"; };
		275342EC253B533200FF51D2 /* PosetivityUITests.xctest */ = {isa = PBXFileReference; explicitFileType = wrapper.cfbundle; includeInIndex = 0; path = PosetivityUITests.xctest; sourceTree = BUILT_PRODUCTS_DIR; };
		275342F0253B533200FF51D2 /* PosetivityUITests.swift */ = {isa = PBXFileReference; lastKnownFileType = sourcecode.swift; path = PosetivityUITests.swift; sourceTree = "<group>"; };
		275342F2253B533200FF51D2 /* Info.plist */ = {isa = PBXFileReference; lastKnownFileType = text.plist.xml; path = Info.plist; sourceTree = "<group>"; };
		2776D270253B607B00FD9D47 /* DetectPoseViewController.swift */ = {isa = PBXFileReference; lastKnownFileType = sourcecode.swift; path = DetectPoseViewController.swift; sourceTree = "<group>"; };
		2776D2D0253BA71600FD9D47 /* FinalizePoseViewController.swift */ = {isa = PBXFileReference; lastKnownFileType = sourcecode.swift; path = FinalizePoseViewController.swift; sourceTree = "<group>"; };
		2776D2D8253BA7CA00FD9D47 /* AvailablePosesTableViewController.swift */ = {isa = PBXFileReference; lastKnownFileType = sourcecode.swift; path = AvailablePosesTableViewController.swift; sourceTree = "<group>"; };
		2776D2DD253BA7E000FD9D47 /* AvailablePosesCell.swift */ = {isa = PBXFileReference; lastKnownFileType = sourcecode.swift; path = AvailablePosesCell.swift; sourceTree = "<group>"; };
		2776D2EC253BA86D00FD9D47 /* SupportTableViewController.swift */ = {isa = PBXFileReference; lastKnownFileType = sourcecode.swift; path = SupportTableViewController.swift; sourceTree = "<group>"; };
		2776D2F1253BA88700FD9D47 /* SupportPostCell.swift */ = {isa = PBXFileReference; lastKnownFileType = sourcecode.swift; path = SupportPostCell.swift; sourceTree = "<group>"; };
		2776D303253BC40000FD9D47 /* GoogleService-Info.plist */ = {isa = PBXFileReference; fileEncoding = 4; lastKnownFileType = text.plist.xml; name = "GoogleService-Info.plist"; path = "../../../../Downloads/GoogleService-Info.plist"; sourceTree = "<group>"; };
		27FC9DBA253BDE64007D3D4C /* downloadedmodel */ = {isa = PBXFileReference; lastKnownFileType = folder; path = downloadedmodel; sourceTree = "<group>"; };
		27FC9E0E253C5C5C007D3D4C /* MyPosesViewController.swift */ = {isa = PBXFileReference; lastKnownFileType = sourcecode.swift; path = MyPosesViewController.swift; sourceTree = "<group>"; };
		27FC9E16253C5F12007D3D4C /* MyPoseCollectionViewCell.swift */ = {isa = PBXFileReference; lastKnownFileType = sourcecode.swift; path = MyPoseCollectionViewCell.swift; sourceTree = "<group>"; };
		597361C4B63DEEF83B623128 /* Pods-PosetivityTests.debug.xcconfig */ = {isa = PBXFileReference; includeInIndex = 1; lastKnownFileType = text.xcconfig; name = "Pods-PosetivityTests.debug.xcconfig"; path = "Target Support Files/Pods-PosetivityTests/Pods-PosetivityTests.debug.xcconfig"; sourceTree = "<group>"; };
		5D06C4BC91EED8ACA61DC269 /* Pods-Posetivity-PosetivityUITests.release.xcconfig */ = {isa = PBXFileReference; includeInIndex = 1; lastKnownFileType = text.xcconfig; name = "Pods-Posetivity-PosetivityUITests.release.xcconfig"; path = "Target Support Files/Pods-Posetivity-PosetivityUITests/Pods-Posetivity-PosetivityUITests.release.xcconfig"; sourceTree = "<group>"; };
		681F8EE1D3ACF2A8115478FC /* Pods_Posetivity.framework */ = {isa = PBXFileReference; explicitFileType = wrapper.framework; includeInIndex = 0; path = Pods_Posetivity.framework; sourceTree = BUILT_PRODUCTS_DIR; };
		687638AA84835DD9760ABA4F /* Pods_PosetivityTests.framework */ = {isa = PBXFileReference; explicitFileType = wrapper.framework; includeInIndex = 0; path = Pods_PosetivityTests.framework; sourceTree = BUILT_PRODUCTS_DIR; };
		76B7202310C640C70E4FDBC3 /* Pods-Posetivity.debug.xcconfig */ = {isa = PBXFileReference; includeInIndex = 1; lastKnownFileType = text.xcconfig; name = "Pods-Posetivity.debug.xcconfig"; path = "Target Support Files/Pods-Posetivity/Pods-Posetivity.debug.xcconfig"; sourceTree = "<group>"; };
		A4461894B87F9BDB510AE606 /* Pods-PosetivityTests.release.xcconfig */ = {isa = PBXFileReference; includeInIndex = 1; lastKnownFileType = text.xcconfig; name = "Pods-PosetivityTests.release.xcconfig"; path = "Target Support Files/Pods-PosetivityTests/Pods-PosetivityTests.release.xcconfig"; sourceTree = "<group>"; };
		BFB86E2BE300545A0A7B0CCF /* Pods_Posetivity_PosetivityUITests.framework */ = {isa = PBXFileReference; explicitFileType = wrapper.framework; includeInIndex = 0; path = Pods_Posetivity_PosetivityUITests.framework; sourceTree = BUILT_PRODUCTS_DIR; };
		DF1B838F2BC3359E20B9402E /* Pods-Posetivity.release.xcconfig */ = {isa = PBXFileReference; includeInIndex = 1; lastKnownFileType = text.xcconfig; name = "Pods-Posetivity.release.xcconfig"; path = "Target Support Files/Pods-Posetivity/Pods-Posetivity.release.xcconfig"; sourceTree = "<group>"; };
		F448A4A8D9126E795986A25B /* Pods-Posetivity-PosetivityUITests.debug.xcconfig */ = {isa = PBXFileReference; includeInIndex = 1; lastKnownFileType = text.xcconfig; name = "Pods-Posetivity-PosetivityUITests.debug.xcconfig"; path = "Target Support Files/Pods-Posetivity-PosetivityUITests/Pods-Posetivity-PosetivityUITests.debug.xcconfig"; sourceTree = "<group>"; };
/* End PBXFileReference section */

/* Begin PBXFrameworksBuildPhase section */
		275342C8253B533000FF51D2 /* Frameworks */ = {
			isa = PBXFrameworksBuildPhase;
			buildActionMask = 2147483647;
			files = (
				B498069D18BEE6413510EEA8 /* Pods_Posetivity.framework in Frameworks */,
			);
			runOnlyForDeploymentPostprocessing = 0;
		};
		275342DE253B533200FF51D2 /* Frameworks */ = {
			isa = PBXFrameworksBuildPhase;
			buildActionMask = 2147483647;
			files = (
				7B83A5A01AFA87FB242CC2EB /* Pods_PosetivityTests.framework in Frameworks */,
			);
			runOnlyForDeploymentPostprocessing = 0;
		};
		275342E9253B533200FF51D2 /* Frameworks */ = {
			isa = PBXFrameworksBuildPhase;
			buildActionMask = 2147483647;
			files = (
				E561468BDADDC020E87F1349 /* Pods_Posetivity_PosetivityUITests.framework in Frameworks */,
			);
			runOnlyForDeploymentPostprocessing = 0;
		};
/* End PBXFrameworksBuildPhase section */

/* Begin PBXGroup section */
		275342C2253B533000FF51D2 = {
			isa = PBXGroup;
			children = (
				27FC9DBA253BDE64007D3D4C /* downloadedmodel */,
				275342CD253B533000FF51D2 /* Posetivity */,
				275342E4253B533200FF51D2 /* PosetivityTests */,
				275342EF253B533200FF51D2 /* PosetivityUITests */,
				275342CC253B533000FF51D2 /* Products */,
				95EDE6263EFE75F96C9D4233 /* Pods */,
				B2FA8CBE3E401AF8DC29A14E /* Frameworks */,
			);
			sourceTree = "<group>";
		};
		275342CC253B533000FF51D2 /* Products */ = {
			isa = PBXGroup;
			children = (
				275342CB253B533000FF51D2 /* Posetivity.app */,
				275342E1253B533200FF51D2 /* PosetivityTests.xctest */,
				275342EC253B533200FF51D2 /* PosetivityUITests.xctest */,
			);
			name = Products;
			sourceTree = "<group>";
		};
		275342CD253B533000FF51D2 /* Posetivity */ = {
			isa = PBXGroup;
			children = (
				275342CE253B533000FF51D2 /* AppDelegate.swift */,
				275342D0253B533000FF51D2 /* SceneDelegate.swift */,
				275342D2253B533000FF51D2 /* ViewController.swift */,
				275342D4253B533000FF51D2 /* Main.storyboard */,
				275342D7253B533100FF51D2 /* Assets.xcassets */,
				275342D9253B533100FF51D2 /* LaunchScreen.storyboard */,
				275342DC253B533100FF51D2 /* Info.plist */,
				2776D270253B607B00FD9D47 /* DetectPoseViewController.swift */,
				2776D303253BC40000FD9D47 /* GoogleService-Info.plist */,
				2776D2D0253BA71600FD9D47 /* FinalizePoseViewController.swift */,
				2776D2D8253BA7CA00FD9D47 /* AvailablePosesTableViewController.swift */,
				2776D2DD253BA7E000FD9D47 /* AvailablePosesCell.swift */,
				2776D2EC253BA86D00FD9D47 /* SupportTableViewController.swift */,
				2776D2F1253BA88700FD9D47 /* SupportPostCell.swift */,
				27FC9E0E253C5C5C007D3D4C /* MyPosesViewController.swift */,
				27FC9E16253C5F12007D3D4C /* MyPoseCollectionViewCell.swift */,
			);
			path = Posetivity;
			sourceTree = "<group>";
		};
		275342E4253B533200FF51D2 /* PosetivityTests */ = {
			isa = PBXGroup;
			children = (
				275342E5253B533200FF51D2 /* PosetivityTests.swift */,
				275342E7253B533200FF51D2 /* Info.plist */,
			);
			path = PosetivityTests;
			sourceTree = "<group>";
		};
		275342EF253B533200FF51D2 /* PosetivityUITests */ = {
			isa = PBXGroup;
			children = (
				275342F0253B533200FF51D2 /* PosetivityUITests.swift */,
				275342F2253B533200FF51D2 /* Info.plist */,
			);
			path = PosetivityUITests;
			sourceTree = "<group>";
		};
		95EDE6263EFE75F96C9D4233 /* Pods */ = {
			isa = PBXGroup;
			children = (
				76B7202310C640C70E4FDBC3 /* Pods-Posetivity.debug.xcconfig */,
				DF1B838F2BC3359E20B9402E /* Pods-Posetivity.release.xcconfig */,
				F448A4A8D9126E795986A25B /* Pods-Posetivity-PosetivityUITests.debug.xcconfig */,
				5D06C4BC91EED8ACA61DC269 /* Pods-Posetivity-PosetivityUITests.release.xcconfig */,
				597361C4B63DEEF83B623128 /* Pods-PosetivityTests.debug.xcconfig */,
				A4461894B87F9BDB510AE606 /* Pods-PosetivityTests.release.xcconfig */,
			);
			path = Pods;
			sourceTree = "<group>";
		};
		B2FA8CBE3E401AF8DC29A14E /* Frameworks */ = {
			isa = PBXGroup;
			children = (
				681F8EE1D3ACF2A8115478FC /* Pods_Posetivity.framework */,
				BFB86E2BE300545A0A7B0CCF /* Pods_Posetivity_PosetivityUITests.framework */,
				687638AA84835DD9760ABA4F /* Pods_PosetivityTests.framework */,
			);
			name = Frameworks;
			sourceTree = "<group>";
		};
/* End PBXGroup section */

/* Begin PBXNativeTarget section */
		275342CA253B533000FF51D2 /* Posetivity */ = {
			isa = PBXNativeTarget;
			buildConfigurationList = 275342F5253B533200FF51D2 /* Build configuration list for PBXNativeTarget "Posetivity" */;
			buildPhases = (
				8DA996B3849F642EBF207705 /* [CP] Check Pods Manifest.lock */,
				275342C7253B533000FF51D2 /* Sources */,
				275342C8253B533000FF51D2 /* Frameworks */,
				275342C9253B533000FF51D2 /* Resources */,
				D0B8CA5C5545964607AD60E8 /* [CP] Embed Pods Frameworks */,
			);
			buildRules = (
			);
			dependencies = (
			);
			name = Posetivity;
			productName = Posetivity;
			productReference = 275342CB253B533000FF51D2 /* Posetivity.app */;
			productType = "com.apple.product-type.application";
		};
		275342E0253B533200FF51D2 /* PosetivityTests */ = {
			isa = PBXNativeTarget;
			buildConfigurationList = 275342F8253B533200FF51D2 /* Build configuration list for PBXNativeTarget "PosetivityTests" */;
			buildPhases = (
				38379BE52B20DB01E4748AD8 /* [CP] Check Pods Manifest.lock */,
				275342DD253B533200FF51D2 /* Sources */,
				275342DE253B533200FF51D2 /* Frameworks */,
				275342DF253B533200FF51D2 /* Resources */,
			);
			buildRules = (
			);
			dependencies = (
				275342E3253B533200FF51D2 /* PBXTargetDependency */,
			);
			name = PosetivityTests;
			productName = PosetivityTests;
			productReference = 275342E1253B533200FF51D2 /* PosetivityTests.xctest */;
			productType = "com.apple.product-type.bundle.unit-test";
		};
		275342EB253B533200FF51D2 /* PosetivityUITests */ = {
			isa = PBXNativeTarget;
			buildConfigurationList = 275342FB253B533200FF51D2 /* Build configuration list for PBXNativeTarget "PosetivityUITests" */;
			buildPhases = (
				15E6FAC92A42119038659D90 /* [CP] Check Pods Manifest.lock */,
				275342E8253B533200FF51D2 /* Sources */,
				275342E9253B533200FF51D2 /* Frameworks */,
				275342EA253B533200FF51D2 /* Resources */,
				DCAEEDCB5E8E308984133202 /* [CP] Embed Pods Frameworks */,
			);
			buildRules = (
			);
			dependencies = (
				275342EE253B533200FF51D2 /* PBXTargetDependency */,
			);
			name = PosetivityUITests;
			productName = PosetivityUITests;
			productReference = 275342EC253B533200FF51D2 /* PosetivityUITests.xctest */;
			productType = "com.apple.product-type.bundle.ui-testing";
		};
/* End PBXNativeTarget section */

/* Begin PBXProject section */
		275342C3253B533000FF51D2 /* Project object */ = {
			isa = PBXProject;
			attributes = {
				LastSwiftUpdateCheck = 1200;
				LastUpgradeCheck = 1200;
				TargetAttributes = {
					275342CA253B533000FF51D2 = {
						CreatedOnToolsVersion = 12.0.1;
					};
					275342E0253B533200FF51D2 = {
						CreatedOnToolsVersion = 12.0.1;
						TestTargetID = 275342CA253B533000FF51D2;
					};
					275342EB253B533200FF51D2 = {
						CreatedOnToolsVersion = 12.0.1;
						TestTargetID = 275342CA253B533000FF51D2;
					};
				};
			};
			buildConfigurationList = 275342C6253B533000FF51D2 /* Build configuration list for PBXProject "Posetivity" */;
			compatibilityVersion = "Xcode 9.3";
			developmentRegion = en;
			hasScannedForEncodings = 0;
			knownRegions = (
				en,
				Base,
			);
			mainGroup = 275342C2253B533000FF51D2;
			productRefGroup = 275342CC253B533000FF51D2 /* Products */;
			projectDirPath = "";
			projectRoot = "";
			targets = (
				275342CA253B533000FF51D2 /* Posetivity */,
				275342E0253B533200FF51D2 /* PosetivityTests */,
				275342EB253B533200FF51D2 /* PosetivityUITests */,
			);
		};
/* End PBXProject section */

/* Begin PBXResourcesBuildPhase section */
		275342C9253B533000FF51D2 /* Resources */ = {
			isa = PBXResourcesBuildPhase;
			buildActionMask = 2147483647;
			files = (
				275342DB253B533100FF51D2 /* LaunchScreen.storyboard in Resources */,
				275342D8253B533100FF51D2 /* Assets.xcassets in Resources */,
				2776D304253BC40000FD9D47 /* GoogleService-Info.plist in Resources */,
				27FC9DBB253BDE64007D3D4C /* downloadedmodel in Resources */,
				275342D6253B533000FF51D2 /* Main.storyboard in Resources */,
			);
			runOnlyForDeploymentPostprocessing = 0;
		};
		275342DF253B533200FF51D2 /* Resources */ = {
			isa = PBXResourcesBuildPhase;
			buildActionMask = 2147483647;
			files = (
				2776D305253BC40000FD9D47 /* GoogleService-Info.plist in Resources */,
			);
			runOnlyForDeploymentPostprocessing = 0;
		};
		275342EA253B533200FF51D2 /* Resources */ = {
			isa = PBXResourcesBuildPhase;
			buildActionMask = 2147483647;
			files = (
				2776D306253BC40000FD9D47 /* GoogleService-Info.plist in Resources */,
			);
			runOnlyForDeploymentPostprocessing = 0;
		};
/* End PBXResourcesBuildPhase section */

/* Begin PBXShellScriptBuildPhase section */
		15E6FAC92A42119038659D90 /* [CP] Check Pods Manifest.lock */ = {
			isa = PBXShellScriptBuildPhase;
			buildActionMask = 2147483647;
			files = (
			);
			inputFileListPaths = (
			);
			inputPaths = (
				"${PODS_PODFILE_DIR_PATH}/Podfile.lock",
				"${PODS_ROOT}/Manifest.lock",
			);
			name = "[CP] Check Pods Manifest.lock";
			outputFileListPaths = (
			);
			outputPaths = (
				"$(DERIVED_FILE_DIR)/Pods-Posetivity-PosetivityUITests-checkManifestLockResult.txt",
			);
			runOnlyForDeploymentPostprocessing = 0;
			shellPath = /bin/sh;
			shellScript = "diff \"${PODS_PODFILE_DIR_PATH}/Podfile.lock\" \"${PODS_ROOT}/Manifest.lock\" > /dev/null\nif [ $? != 0 ] ; then\n    # print error to STDERR\n    echo \"error: The sandbox is not in sync with the Podfile.lock. Run 'pod install' or update your CocoaPods installation.\" >&2\n    exit 1\nfi\n# This output is used by Xcode 'outputs' to avoid re-running this script phase.\necho \"SUCCESS\" > \"${SCRIPT_OUTPUT_FILE_0}\"\n";
			showEnvVarsInLog = 0;
		};
		38379BE52B20DB01E4748AD8 /* [CP] Check Pods Manifest.lock */ = {
			isa = PBXShellScriptBuildPhase;
			buildActionMask = 2147483647;
			files = (
			);
			inputFileListPaths = (
			);
			inputPaths = (
				"${PODS_PODFILE_DIR_PATH}/Podfile.lock",
				"${PODS_ROOT}/Manifest.lock",
			);
			name = "[CP] Check Pods Manifest.lock";
			outputFileListPaths = (
			);
			outputPaths = (
				"$(DERIVED_FILE_DIR)/Pods-PosetivityTests-checkManifestLockResult.txt",
			);
			runOnlyForDeploymentPostprocessing = 0;
			shellPath = /bin/sh;
			shellScript = "diff \"${PODS_PODFILE_DIR_PATH}/Podfile.lock\" \"${PODS_ROOT}/Manifest.lock\" > /dev/null\nif [ $? != 0 ] ; then\n    # print error to STDERR\n    echo \"error: The sandbox is not in sync with the Podfile.lock. Run 'pod install' or update your CocoaPods installation.\" >&2\n    exit 1\nfi\n# This output is used by Xcode 'outputs' to avoid re-running this script phase.\necho \"SUCCESS\" > \"${SCRIPT_OUTPUT_FILE_0}\"\n";
			showEnvVarsInLog = 0;
		};
		8DA996B3849F642EBF207705 /* [CP] Check Pods Manifest.lock */ = {
			isa = PBXShellScriptBuildPhase;
			buildActionMask = 2147483647;
			files = (
			);
			inputFileListPaths = (
			);
			inputPaths = (
				"${PODS_PODFILE_DIR_PATH}/Podfile.lock",
				"${PODS_ROOT}/Manifest.lock",
			);
			name = "[CP] Check Pods Manifest.lock";
			outputFileListPaths = (
			);
			outputPaths = (
				"$(DERIVED_FILE_DIR)/Pods-Posetivity-checkManifestLockResult.txt",
			);
			runOnlyForDeploymentPostprocessing = 0;
			shellPath = /bin/sh;
			shellScript = "diff \"${PODS_PODFILE_DIR_PATH}/Podfile.lock\" \"${PODS_ROOT}/Manifest.lock\" > /dev/null\nif [ $? != 0 ] ; then\n    # print error to STDERR\n    echo \"error: The sandbox is not in sync with the Podfile.lock. Run 'pod install' or update your CocoaPods installation.\" >&2\n    exit 1\nfi\n# This output is used by Xcode 'outputs' to avoid re-running this script phase.\necho \"SUCCESS\" > \"${SCRIPT_OUTPUT_FILE_0}\"\n";
			showEnvVarsInLog = 0;
		};
		D0B8CA5C5545964607AD60E8 /* [CP] Embed Pods Frameworks */ = {
			isa = PBXShellScriptBuildPhase;
			buildActionMask = 2147483647;
			files = (
			);
			inputFileListPaths = (
				"${PODS_ROOT}/Target Support Files/Pods-Posetivity/Pods-Posetivity-frameworks-${CONFIGURATION}-input-files.xcfilelist",
			);
			name = "[CP] Embed Pods Frameworks";
			outputFileListPaths = (
				"${PODS_ROOT}/Target Support Files/Pods-Posetivity/Pods-Posetivity-frameworks-${CONFIGURATION}-output-files.xcfilelist",
			);
			runOnlyForDeploymentPostprocessing = 0;
			shellPath = /bin/sh;
			shellScript = "\"${PODS_ROOT}/Target Support Files/Pods-Posetivity/Pods-Posetivity-frameworks.sh\"\n";
			showEnvVarsInLog = 0;
		};
		DCAEEDCB5E8E308984133202 /* [CP] Embed Pods Frameworks */ = {
			isa = PBXShellScriptBuildPhase;
			buildActionMask = 2147483647;
			files = (
			);
			inputFileListPaths = (
				"${PODS_ROOT}/Target Support Files/Pods-Posetivity-PosetivityUITests/Pods-Posetivity-PosetivityUITests-frameworks-${CONFIGURATION}-input-files.xcfilelist",
			);
			name = "[CP] Embed Pods Frameworks";
			outputFileListPaths = (
				"${PODS_ROOT}/Target Support Files/Pods-Posetivity-PosetivityUITests/Pods-Posetivity-PosetivityUITests-frameworks-${CONFIGURATION}-output-files.xcfilelist",
			);
			runOnlyForDeploymentPostprocessing = 0;
			shellPath = /bin/sh;
			shellScript = "\"${PODS_ROOT}/Target Support Files/Pods-Posetivity-PosetivityUITests/Pods-Posetivity-PosetivityUITests-frameworks.sh\"\n";
			showEnvVarsInLog = 0;
		};
/* End PBXShellScriptBuildPhase section */

/* Begin PBXSourcesBuildPhase section */
		275342C7253B533000FF51D2 /* Sources */ = {
			isa = PBXSourcesBuildPhase;
			buildActionMask = 2147483647;
			files = (
				2776D2ED253BA86D00FD9D47 /* SupportTableViewController.swift in Sources */,
				27FC9E0F253C5C5C007D3D4C /* MyPosesViewController.swift in Sources */,
				2776D2D1253BA71600FD9D47 /* FinalizePoseViewController.swift in Sources */,
				2776D271253B607B00FD9D47 /* DetectPoseViewController.swift in Sources */,
				275342D3253B533000FF51D2 /* ViewController.swift in Sources */,
				2776D2F2253BA88700FD9D47 /* SupportPostCell.swift in Sources */,
				275342CF253B533000FF51D2 /* AppDelegate.swift in Sources */,
				2776D2D9253BA7CA00FD9D47 /* AvailablePosesTableViewController.swift in Sources */,
				2776D2DE253BA7E000FD9D47 /* AvailablePosesCell.swift in Sources */,
				275342D1253B533000FF51D2 /* SceneDelegate.swift in Sources */,
				27FC9E17253C5F12007D3D4C /* MyPoseCollectionViewCell.swift in Sources */,
			);
			runOnlyForDeploymentPostprocessing = 0;
		};
		275342DD253B533200FF51D2 /* Sources */ = {
			isa = PBXSourcesBuildPhase;
			buildActionMask = 2147483647;
			files = (
				275342E6253B533200FF51D2 /* PosetivityTests.swift in Sources */,
			);
			runOnlyForDeploymentPostprocessing = 0;
		};
		275342E8253B533200FF51D2 /* Sources */ = {
			isa = PBXSourcesBuildPhase;
			buildActionMask = 2147483647;
			files = (
				275342F1253B533200FF51D2 /* PosetivityUITests.swift in Sources */,
			);
			runOnlyForDeploymentPostprocessing = 0;
		};
/* End PBXSourcesBuildPhase section */

/* Begin PBXTargetDependency section */
		275342E3253B533200FF51D2 /* PBXTargetDependency */ = {
			isa = PBXTargetDependency;
			target = 275342CA253B533000FF51D2 /* Posetivity */;
			targetProxy = 275342E2253B533200FF51D2 /* PBXContainerItemProxy */;
		};
		275342EE253B533200FF51D2 /* PBXTargetDependency */ = {
			isa = PBXTargetDependency;
			target = 275342CA253B533000FF51D2 /* Posetivity */;
			targetProxy = 275342ED253B533200FF51D2 /* PBXContainerItemProxy */;
		};
/* End PBXTargetDependency section */

/* Begin PBXVariantGroup section */
		275342D4253B533000FF51D2 /* Main.storyboard */ = {
			isa = PBXVariantGroup;
			children = (
				275342D5253B533000FF51D2 /* Base */,
			);
			name = Main.storyboard;
			sourceTree = "<group>";
		};
		275342D9253B533100FF51D2 /* LaunchScreen.storyboard */ = {
			isa = PBXVariantGroup;
			children = (
				275342DA253B533100FF51D2 /* Base */,
			);
			name = LaunchScreen.storyboard;
			sourceTree = "<group>";
		};
/* End PBXVariantGroup section */

/* Begin XCBuildConfiguration section */
		275342F3253B533200FF51D2 /* Debug */ = {
			isa = XCBuildConfiguration;
			buildSettings = {
				ALWAYS_SEARCH_USER_PATHS = NO;
				CLANG_ANALYZER_NONNULL = YES;
				CLANG_ANALYZER_NUMBER_OBJECT_CONVERSION = YES_AGGRESSIVE;
				CLANG_CXX_LANGUAGE_STANDARD = "gnu++14";
				CLANG_CXX_LIBRARY = "libc++";
				CLANG_ENABLE_MODULES = YES;
				CLANG_ENABLE_OBJC_ARC = YES;
				CLANG_ENABLE_OBJC_WEAK = YES;
				CLANG_WARN_BLOCK_CAPTURE_AUTORELEASING = YES;
				CLANG_WARN_BOOL_CONVERSION = YES;
				CLANG_WARN_COMMA = YES;
				CLANG_WARN_CONSTANT_CONVERSION = YES;
				CLANG_WARN_DEPRECATED_OBJC_IMPLEMENTATIONS = YES;
				CLANG_WARN_DIRECT_OBJC_ISA_USAGE = YES_ERROR;
				CLANG_WARN_DOCUMENTATION_COMMENTS = YES;
				CLANG_WARN_EMPTY_BODY = YES;
				CLANG_WARN_ENUM_CONVERSION = YES;
				CLANG_WARN_INFINITE_RECURSION = YES;
				CLANG_WARN_INT_CONVERSION = YES;
				CLANG_WARN_NON_LITERAL_NULL_CONVERSION = YES;
				CLANG_WARN_OBJC_IMPLICIT_RETAIN_SELF = YES;
				CLANG_WARN_OBJC_LITERAL_CONVERSION = YES;
				CLANG_WARN_OBJC_ROOT_CLASS = YES_ERROR;
				CLANG_WARN_QUOTED_INCLUDE_IN_FRAMEWORK_HEADER = YES;
				CLANG_WARN_RANGE_LOOP_ANALYSIS = YES;
				CLANG_WARN_STRICT_PROTOTYPES = YES;
				CLANG_WARN_SUSPICIOUS_MOVE = YES;
				CLANG_WARN_UNGUARDED_AVAILABILITY = YES_AGGRESSIVE;
				CLANG_WARN_UNREACHABLE_CODE = YES;
				CLANG_WARN__DUPLICATE_METHOD_MATCH = YES;
				COPY_PHASE_STRIP = NO;
				DEBUG_INFORMATION_FORMAT = dwarf;
				ENABLE_STRICT_OBJC_MSGSEND = YES;
				ENABLE_TESTABILITY = YES;
				GCC_C_LANGUAGE_STANDARD = gnu11;
				GCC_DYNAMIC_NO_PIC = NO;
				GCC_NO_COMMON_BLOCKS = YES;
				GCC_OPTIMIZATION_LEVEL = 0;
				GCC_PREPROCESSOR_DEFINITIONS = (
					"DEBUG=1",
					"$(inherited)",
				);
				GCC_WARN_64_TO_32_BIT_CONVERSION = YES;
				GCC_WARN_ABOUT_RETURN_TYPE = YES_ERROR;
				GCC_WARN_UNDECLARED_SELECTOR = YES;
				GCC_WARN_UNINITIALIZED_AUTOS = YES_AGGRESSIVE;
				GCC_WARN_UNUSED_FUNCTION = YES;
				GCC_WARN_UNUSED_VARIABLE = YES;
				IPHONEOS_DEPLOYMENT_TARGET = 14.0;
				MTL_ENABLE_DEBUG_INFO = INCLUDE_SOURCE;
				MTL_FAST_MATH = YES;
				ONLY_ACTIVE_ARCH = YES;
				SDKROOT = iphoneos;
				SWIFT_ACTIVE_COMPILATION_CONDITIONS = DEBUG;
				SWIFT_OPTIMIZATION_LEVEL = "-Onone";
			};
			name = Debug;
		};
		275342F4253B533200FF51D2 /* Release */ = {
			isa = XCBuildConfiguration;
			buildSettings = {
				ALWAYS_SEARCH_USER_PATHS = NO;
				CLANG_ANALYZER_NONNULL = YES;
				CLANG_ANALYZER_NUMBER_OBJECT_CONVERSION = YES_AGGRESSIVE;
				CLANG_CXX_LANGUAGE_STANDARD = "gnu++14";
				CLANG_CXX_LIBRARY = "libc++";
				CLANG_ENABLE_MODULES = YES;
				CLANG_ENABLE_OBJC_ARC = YES;
				CLANG_ENABLE_OBJC_WEAK = YES;
				CLANG_WARN_BLOCK_CAPTURE_AUTORELEASING = YES;
				CLANG_WARN_BOOL_CONVERSION = YES;
				CLANG_WARN_COMMA = YES;
				CLANG_WARN_CONSTANT_CONVERSION = YES;
				CLANG_WARN_DEPRECATED_OBJC_IMPLEMENTATIONS = YES;
				CLANG_WARN_DIRECT_OBJC_ISA_USAGE = YES_ERROR;
				CLANG_WARN_DOCUMENTATION_COMMENTS = YES;
				CLANG_WARN_EMPTY_BODY = YES;
				CLANG_WARN_ENUM_CONVERSION = YES;
				CLANG_WARN_INFINITE_RECURSION = YES;
				CLANG_WARN_INT_CONVERSION = YES;
				CLANG_WARN_NON_LITERAL_NULL_CONVERSION = YES;
				CLANG_WARN_OBJC_IMPLICIT_RETAIN_SELF = YES;
				CLANG_WARN_OBJC_LITERAL_CONVERSION = YES;
				CLANG_WARN_OBJC_ROOT_CLASS = YES_ERROR;
				CLANG_WARN_QUOTED_INCLUDE_IN_FRAMEWORK_HEADER = YES;
				CLANG_WARN_RANGE_LOOP_ANALYSIS = YES;
				CLANG_WARN_STRICT_PROTOTYPES = YES;
				CLANG_WARN_SUSPICIOUS_MOVE = YES;
				CLANG_WARN_UNGUARDED_AVAILABILITY = YES_AGGRESSIVE;
				CLANG_WARN_UNREACHABLE_CODE = YES;
				CLANG_WARN__DUPLICATE_METHOD_MATCH = YES;
				COPY_PHASE_STRIP = NO;
				DEBUG_INFORMATION_FORMAT = "dwarf-with-dsym";
				ENABLE_NS_ASSERTIONS = NO;
				ENABLE_STRICT_OBJC_MSGSEND = YES;
				GCC_C_LANGUAGE_STANDARD = gnu11;
				GCC_NO_COMMON_BLOCKS = YES;
				GCC_WARN_64_TO_32_BIT_CONVERSION = YES;
				GCC_WARN_ABOUT_RETURN_TYPE = YES_ERROR;
				GCC_WARN_UNDECLARED_SELECTOR = YES;
				GCC_WARN_UNINITIALIZED_AUTOS = YES_AGGRESSIVE;
				GCC_WARN_UNUSED_FUNCTION = YES;
				GCC_WARN_UNUSED_VARIABLE = YES;
				IPHONEOS_DEPLOYMENT_TARGET = 14.0;
				MTL_ENABLE_DEBUG_INFO = NO;
				MTL_FAST_MATH = YES;
				SDKROOT = iphoneos;
				SWIFT_COMPILATION_MODE = wholemodule;
				SWIFT_OPTIMIZATION_LEVEL = "-O";
				VALIDATE_PRODUCT = YES;
			};
			name = Release;
		};
		275342F6253B533200FF51D2 /* Debug */ = {
			isa = XCBuildConfiguration;
			baseConfigurationReference = 76B7202310C640C70E4FDBC3 /* Pods-Posetivity.debug.xcconfig */;
			buildSettings = {
				ASSETCATALOG_COMPILER_APPICON_NAME = AppIcon;
				ASSETCATALOG_COMPILER_GLOBAL_ACCENT_COLOR_NAME = AccentColor;
				CODE_SIGN_STYLE = Automatic;
				DEVELOPMENT_TEAM = K6P8C5VNYZ;
				INFOPLIST_FILE = Posetivity/Info.plist;
				LD_RUNPATH_SEARCH_PATHS = (
					"$(inherited)",
					"@executable_path/Frameworks",
				);
				PRODUCT_BUNDLE_IDENTIFIER = summerhasama.Posetivity;
				PRODUCT_NAME = "$(TARGET_NAME)";
				SWIFT_VERSION = 5.0;
				TARGETED_DEVICE_FAMILY = "1,2";
			};
			name = Debug;
		};
		275342F7253B533200FF51D2 /* Release */ = {
			isa = XCBuildConfiguration;
			baseConfigurationReference = DF1B838F2BC3359E20B9402E /* Pods-Posetivity.release.xcconfig */;
			buildSettings = {
				ASSETCATALOG_COMPILER_APPICON_NAME = AppIcon;
				ASSETCATALOG_COMPILER_GLOBAL_ACCENT_COLOR_NAME = AccentColor;
				CODE_SIGN_STYLE = Automatic;
				DEVELOPMENT_TEAM = K6P8C5VNYZ;
				INFOPLIST_FILE = Posetivity/Info.plist;
				LD_RUNPATH_SEARCH_PATHS = (
					"$(inherited)",
					"@executable_path/Frameworks",
				);
				PRODUCT_BUNDLE_IDENTIFIER = summerhasama.Posetivity;
				PRODUCT_NAME = "$(TARGET_NAME)";
				SWIFT_VERSION = 5.0;
				TARGETED_DEVICE_FAMILY = "1,2";
			};
			name = Release;
		};
		275342F9253B533200FF51D2 /* Debug */ = {
			isa = XCBuildConfiguration;
			baseConfigurationReference = 597361C4B63DEEF83B623128 /* Pods-PosetivityTests.debug.xcconfig */;
			buildSettings = {
				ALWAYS_EMBED_SWIFT_STANDARD_LIBRARIES = YES;
				BUNDLE_LOADER = "$(TEST_HOST)";
				CODE_SIGN_STYLE = Automatic;
				INFOPLIST_FILE = PosetivityTests/Info.plist;
				IPHONEOS_DEPLOYMENT_TARGET = 14.0;
				LD_RUNPATH_SEARCH_PATHS = (
					"$(inherited)",
					"@executable_path/Frameworks",
					"@loader_path/Frameworks",
				);
				PRODUCT_BUNDLE_IDENTIFIER = summerhasama.PosetivityTests;
				PRODUCT_NAME = "$(TARGET_NAME)";
				SWIFT_VERSION = 5.0;
				TARGETED_DEVICE_FAMILY = "1,2";
				TEST_HOST = "$(BUILT_PRODUCTS_DIR)/Posetivity.app/Posetivity";
			};
			name = Debug;
		};
		275342FA253B533200FF51D2 /* Release */ = {
			isa = XCBuildConfiguration;
			baseConfigurationReference = A4461894B87F9BDB510AE606 /* Pods-PosetivityTests.release.xcconfig */;
			buildSettings = {
				ALWAYS_EMBED_SWIFT_STANDARD_LIBRARIES = YES;
				BUNDLE_LOADER = "$(TEST_HOST)";
				CODE_SIGN_STYLE = Automatic;
				INFOPLIST_FILE = PosetivityTests/Info.plist;
				IPHONEOS_DEPLOYMENT_TARGET = 14.0;
				LD_RUNPATH_SEARCH_PATHS = (
					"$(inherited)",
					"@executable_path/Frameworks",
					"@loader_path/Frameworks",
				);
				PRODUCT_BUNDLE_IDENTIFIER = summerhasama.PosetivityTests;
				PRODUCT_NAME = "$(TARGET_NAME)";
				SWIFT_VERSION = 5.0;
				TARGETED_DEVICE_FAMILY = "1,2";
				TEST_HOST = "$(BUILT_PRODUCTS_DIR)/Posetivity.app/Posetivity";
			};
			name = Release;
		};
		275342FC253B533200FF51D2 /* Debug */ = {
			isa = XCBuildConfiguration;
			baseConfigurationReference = F448A4A8D9126E795986A25B /* Pods-Posetivity-PosetivityUITests.debug.xcconfig */;
			buildSettings = {
				ALWAYS_EMBED_SWIFT_STANDARD_LIBRARIES = YES;
				CODE_SIGN_STYLE = Automatic;
				INFOPLIST_FILE = PosetivityUITests/Info.plist;
				LD_RUNPATH_SEARCH_PATHS = (
					"$(inherited)",
					"@executable_path/Frameworks",
					"@loader_path/Frameworks",
				);
				PRODUCT_BUNDLE_IDENTIFIER = summerhasama.PosetivityUITests;
				PRODUCT_NAME = "$(TARGET_NAME)";
				SWIFT_VERSION = 5.0;
				TARGETED_DEVICE_FAMILY = "1,2";
				TEST_TARGET_NAME = Posetivity;
			};
			name = Debug;
		};
		275342FD253B533200FF51D2 /* Release */ = {
			isa = XCBuildConfiguration;
			baseConfigurationReference = 5D06C4BC91EED8ACA61DC269 /* Pods-Posetivity-PosetivityUITests.release.xcconfig */;
			buildSettings = {
				ALWAYS_EMBED_SWIFT_STANDARD_LIBRARIES = YES;
				CODE_SIGN_STYLE = Automatic;
				INFOPLIST_FILE = PosetivityUITests/Info.plist;
				LD_RUNPATH_SEARCH_PATHS = (
					"$(inherited)",
					"@executable_path/Frameworks",
					"@loader_path/Frameworks",
				);
				PRODUCT_BUNDLE_IDENTIFIER = summerhasama.PosetivityUITests;
				PRODUCT_NAME = "$(TARGET_NAME)";
				SWIFT_VERSION = 5.0;
				TARGETED_DEVICE_FAMILY = "1,2";
				TEST_TARGET_NAME = Posetivity;
			};
			name = Release;
		};
/* End XCBuildConfiguration section */

/* Begin XCConfigurationList section */
		275342C6253B533000FF51D2 /* Build configuration list for PBXProject "Posetivity" */ = {
			isa = XCConfigurationList;
			buildConfigurations = (
				275342F3253B533200FF51D2 /* Debug */,
				275342F4253B533200FF51D2 /* Release */,
			);
			defaultConfigurationIsVisible = 0;
			defaultConfigurationName = Release;
		};
		275342F5253B533200FF51D2 /* Build configuration list for PBXNativeTarget "Posetivity" */ = {
			isa = XCConfigurationList;
			buildConfigurations = (
				275342F6253B533200FF51D2 /* Debug */,
				275342F7253B533200FF51D2 /* Release */,
			);
			defaultConfigurationIsVisible = 0;
			defaultConfigurationName = Release;
		};
		275342F8253B533200FF51D2 /* Build configuration list for PBXNativeTarget "PosetivityTests" */ = {
			isa = XCConfigurationList;
			buildConfigurations = (
				275342F9253B533200FF51D2 /* Debug */,
				275342FA253B533200FF51D2 /* Release */,
			);
			defaultConfigurationIsVisible = 0;
			defaultConfigurationName = Release;
		};
		275342FB253B533200FF51D2 /* Build configuration list for PBXNativeTarget "PosetivityUITests" */ = {
			isa = XCConfigurationList;
			buildConfigurations = (
				275342FC253B533200FF51D2 /* Debug */,
				275342FD253B533200FF51D2 /* Release */,
			);
			defaultConfigurationIsVisible = 0;
			defaultConfigurationName = Release;
		};
/* End XCConfigurationList section */
	};
	rootObject = 275342C3253B533000FF51D2 /* Project object */;
}
